# THIS IS AN AUTOGENERATED FILE. DO NOT EDIT THIS FILE DIRECTLY.
# yarn lockfile v1


"@atlaskit/tree@^4.1.8":
  version "4.1.8"
  resolved "https://registry.yarnpkg.com/@atlaskit/tree/-/tree-4.1.8.tgz#60da5099d398497a952510e0b7799bc5f249f194"
  integrity sha512-SNdyU65HxZt7do9A6dIz4BzMjtBMZ7jJQerU/ch7dmSPsla7dZo5i4KcgEdCeDEz9c/AWIYKhtWz1fhfRYq0zw==
  dependencies:
    "@babel/runtime" "^7.0.0"
    css-box-model "^1.0.0"
    memoize-one "^3.0.1"
    react-beautiful-dnd "^10.0.2"

"@babel/runtime-corejs2@^7.1.5":
  version "7.1.5"
  resolved "https://registry.yarnpkg.com/@babel/runtime-corejs2/-/runtime-corejs2-7.1.5.tgz#ec8341c9aec71d1139c985327314739d66b204a0"
  integrity sha512-WsYRwQsFhVmxkAqwypPTZyV9GpkqMEaAr2zOItOmqSX2GBFaI+eq98CN81e13o0zaUKJOQGYyjhNVqj56nnkYg==
  dependencies:
    core-js "^2.5.7"
    regenerator-runtime "^0.12.0"

"@babel/runtime@^7.0.0", "@babel/runtime@^7.1.2":
  version "7.1.5"
  resolved "https://registry.yarnpkg.com/@babel/runtime/-/runtime-7.1.5.tgz#4170907641cf1f61508f563ece3725150cc6fe39"
  integrity sha512-xKnPpXG/pvK1B90JkwwxSGii90rQGKtzcMt2gI5G6+M0REXaq6rOHsGC2ay6/d0Uje7zzvSzjEzfR3ENhFlrfA==
  dependencies:
    regenerator-runtime "^0.12.0"

"@vanillaforums/prettier-config@1.0.0":
  version "1.0.0"
  resolved "https://registry.yarnpkg.com/@vanillaforums/prettier-config/-/prettier-config-1.0.0.tgz#e08bae366a888ac130d90a9f9d0eeaf48f0f0f1d"
  integrity sha512-av01ftyfh5eQIH4Iuj0zFNLSiY+RggK6G68RDYE+H178TNpx2C5ZrI4agJzAWNZN0bwXEsaYEIVDvPNPHcJQyw==

core-js@^2.5.7:
  version "2.5.7"
  resolved "https://registry.yarnpkg.com/core-js/-/core-js-2.5.7.tgz#f972608ff0cead68b841a16a932d0b183791814e"
  integrity sha512-RszJCAxg/PP6uzXVXL6BsxSXx/B05oJAQ2vkJRjyjrEcNVycaqOmNb5OTxZPE3xa5gwZduqza6L9JOCenh/Ecw==

css-box-model@^1.0.0, css-box-model@^1.1.1:
  version "1.1.1"
  resolved "https://registry.yarnpkg.com/css-box-model/-/css-box-model-1.1.1.tgz#c9fd8e7a8b1d59d41d6812fd1765433f671b2ee0"
  integrity sha512-ZxbuLFeAPEDb0wPbGfT7783Vb00MVAkvOlMKwr0kA2PD5EGxk6P3MAhedvVuyVJCWb54bb+6HQ7pdPYENf8AZw==
  dependencies:
    tiny-invariant "^1.0.3"

hoist-non-react-statics@^3.1.0:
  version "3.2.0"
  resolved "https://registry.yarnpkg.com/hoist-non-react-statics/-/hoist-non-react-statics-3.2.0.tgz#d21b9fc72b50fdc38c5d88f6e2c52f2c2dbe5ee2"
  integrity sha512-3IascCRfaEkbmHjJnUxWSspIUE1okLPjGTMVXW8zraUo1t3yg1BadKAxAGILHwgoBzmMnzrgeeaDGBvpuPz6dA==
  dependencies:
    react-is "^16.3.2"

invariant@^2.2.4:
  version "2.2.4"
  resolved "https://registry.yarnpkg.com/invariant/-/invariant-2.2.4.tgz#610f3c92c9359ce1db616e538008d23ff35158e6"
  integrity sha512-phJfQVBuaJM5raOpJjSfkiD6BpbCE4Ns//LaXl6wGYtUBY83nWS6Rf9tXm2e8VaK60JEjYldbPif/A2B1C2gNA==
  dependencies:
    loose-envify "^1.0.0"

"js-tokens@^3.0.0 || ^4.0.0":
  version "4.0.0"
  resolved "https://registry.yarnpkg.com/js-tokens/-/js-tokens-4.0.0.tgz#19203fb59991df98e3a287050d4647cdeaf32499"
  integrity sha512-RdJUflcE3cUzKiMqQgsCu06FPu9UdIJO0beYbPhHN4k6apgJtifcoCtT9bcxOpYBtpD2kCM6Sbzg4CausW/PKQ==

loose-envify@^1.0.0, loose-envify@^1.1.0, loose-envify@^1.3.1, loose-envify@^1.4.0:
  version "1.4.0"
  resolved "https://registry.yarnpkg.com/loose-envify/-/loose-envify-1.4.0.tgz#71ee51fa7be4caec1a63839f7e682d8132d30caf"
  integrity sha512-lyuxPGr/Wfhrlem2CL/UcnUc1zcqKAImBDzukY7Y5F/yQiNdko6+fRLevlw1HgMySw7f611UIY408EtxRSoK3Q==
  dependencies:
    js-tokens "^3.0.0 || ^4.0.0"

memoize-one@^3.0.1:
  version "3.1.1"
  resolved "https://registry.yarnpkg.com/memoize-one/-/memoize-one-3.1.1.tgz#ef609811e3bc28970eac2884eece64d167830d17"
  integrity sha512-YqVh744GsMlZu6xkhGslPSqSurOv6P+kLN2J3ysBZfagLcL5FdRK/0UpgLoL8hwjjEvvAVkjJZyFP+1T6p1vgA==

memoize-one@^4.0.3:
  version "4.0.3"
  resolved "https://registry.yarnpkg.com/memoize-one/-/memoize-one-4.0.3.tgz#cdfdd942853f1a1b4c71c5336b8c49da0bf0273c"
  integrity sha512-QmpUu4KqDmX0plH4u+tf0riMc1KHE1+lw95cMrLlXQAFOx/xnBtwhZ52XJxd9X2O6kwKBqX32kmhbhlobD0cuw==

object-assign@^4.1.1:
  version "4.1.1"
  resolved "https://registry.yarnpkg.com/object-assign/-/object-assign-4.1.1.tgz#2109adc7965887cfc05cbbd442cac8bfbb360863"
  integrity sha1-IQmtx5ZYh8/AXLvUQsrIv7s2CGM=

prettier@1.17.0:
  version "1.17.0"
  resolved "https://registry.yarnpkg.com/prettier/-/prettier-1.17.0.tgz#53b303676eed22cc14a9f0cec09b477b3026c008"
  integrity sha512-sXe5lSt2WQlCbydGETgfm1YBShgOX4HxQkFPvbxkcwgDvGDeqVau8h+12+lmSVlP3rHPz0oavfddSZg/q+Szjw==

prop-types@^15.6.1:
  version "15.6.2"
  resolved "https://registry.yarnpkg.com/prop-types/-/prop-types-15.6.2.tgz#05d5ca77b4453e985d60fc7ff8c859094a497102"
  integrity sha512-3pboPvLiWD7dkI3qf3KbUe6hKFKa52w+AE0VCqECtf+QHAKgOL37tTaNCnuX1nAAQ4ZhyP+kYVKf8rLmJ/feDQ==
  dependencies:
    loose-envify "^1.3.1"
    object-assign "^4.1.1"

raf-schd@^4.0.0:
  version "4.0.0"
  resolved "https://registry.yarnpkg.com/raf-schd/-/raf-schd-4.0.0.tgz#9855756c5045ff4ed4516e14a47719387c3c907b"
  integrity sha512-m7zq0JkIrECzw9mO5Zcq6jN4KayE34yoIS9hJoiZNXyOAT06PPA8PrR+WtJIeFW09YjUfNkMMN9lrmAt6BURCA==

react-beautiful-dnd@^10.0.2:
  version "10.0.2"
  resolved "https://registry.yarnpkg.com/react-beautiful-dnd/-/react-beautiful-dnd-10.0.2.tgz#618fe3dcd841c65235fca89bdde99a172fe77e50"
  integrity sha512-hLdSdUh7UHHCpFx/dMqtLmxVry8npxjdSpwmLG5dM6D578qv9LMF3uuAn37X6Wgyc2Hj5TYFoFL2iQWMnoR/Bg==
  dependencies:
    "@babel/runtime-corejs2" "^7.1.5"
    css-box-model "^1.1.1"
    memoize-one "^4.0.3"
    prop-types "^15.6.1"
    raf-schd "^4.0.0"
    react-redux "^5.0.7"
    redux "^4.0.1"
    tiny-invariant "^1.0.3"

react-is@^16.3.2, react-is@^16.6.0:
  version "16.6.3"
  resolved "https://registry.yarnpkg.com/react-is/-/react-is-16.6.3.tgz#d2d7462fcfcbe6ec0da56ad69047e47e56e7eac0"
  integrity sha512-u7FDWtthB4rWibG/+mFbVd5FvdI20yde86qKGx4lVUTWmPlSWQ4QxbBIrrs+HnXGbxOUlUzTAP/VDmvCwaP2yA==

react-lifecycles-compat@^3.0.0:
  version "3.0.4"
  resolved "https://registry.yarnpkg.com/react-lifecycles-compat/-/react-lifecycles-compat-3.0.4.tgz#4f1a273afdfc8f3488a8c516bfda78f872352362"
  integrity sha512-fBASbA6LnOU9dOU2eW7aQ8xmYBSXUIWr+UmF9b1efZBazGNO+rcXT/icdKnYm2pTwcRylVUYwW7H1PHfLekVzA==

react-redux@^5.0.7:
  version "5.1.1"
  resolved "https://registry.yarnpkg.com/react-redux/-/react-redux-5.1.1.tgz#88e368682c7fa80e34e055cd7ac56f5936b0f52f"
  integrity sha512-LE7Ned+cv5qe7tMV5BPYkGQ5Lpg8gzgItK07c67yHvJ8t0iaD9kPFPAli/mYkiyJYrs2pJgExR2ZgsGqlrOApg==
  dependencies:
    "@babel/runtime" "^7.1.2"
    hoist-non-react-statics "^3.1.0"
    invariant "^2.2.4"
    loose-envify "^1.1.0"
    prop-types "^15.6.1"
    react-is "^16.6.0"
    react-lifecycles-compat "^3.0.0"

redux@^4.0.1:
  version "4.0.1"
  resolved "https://registry.yarnpkg.com/redux/-/redux-4.0.1.tgz#436cae6cc40fbe4727689d7c8fae44808f1bfef5"
  integrity sha512-R7bAtSkk7nY6O/OYMVR9RiBI+XghjF9rlbl5806HJbQph0LJVHZrU5oaO4q70eUKiqMRqm4y07KLTlMZ2BlVmg==
  dependencies:
    loose-envify "^1.4.0"
    symbol-observable "^1.2.0"

regenerator-runtime@^0.12.0:
  version "0.12.1"
  resolved "https://registry.yarnpkg.com/regenerator-runtime/-/regenerator-runtime-0.12.1.tgz#fa1a71544764c036f8c49b13a08b2594c9f8a0de"
  integrity sha512-odxIc1/vDlo4iZcfXqRYFj0vpXFNoGdKMAUieAlFYO6m/nl5e9KR/beGf41z4a1FI+aQgtjhuaSlDxQ0hmkrHg==

symbol-observable@^1.2.0:
  version "1.2.0"
  resolved "https://registry.yarnpkg.com/symbol-observable/-/symbol-observable-1.2.0.tgz#c22688aed4eab3cdc2dfeacbb561660560a00804"
  integrity sha512-e900nM8RRtGhlV36KGEU9k65K3mPb1WV70OdjfxlG2EAuM1noi/E/BaW/uMhL7bPEssK8QV57vN3esixjUvcXQ==

tiny-invariant@^1.0.3:
  version "1.0.3"
  resolved "https://registry.yarnpkg.com/tiny-invariant/-/tiny-invariant-1.0.3.tgz#91efaaa0269ccb6271f0296aeedb05fc3e067b7a"
  integrity sha512-ytQx8T4DL8PjlX53yYzcIC0WhIZbpR0p1qcYjw2pHu3w6UtgWwFJQ/02cnhOnBBhlFx/edUIfcagCaQSe3KMWg==
