# THIS IS AN AUTOGENERATED FILE. DO NOT EDIT THIS FILE DIRECTLY.
# yarn lockfile v1


"@types/prop-types@*":
  version "15.5.5"
  resolved "https://registry.yarnpkg.com/@types/prop-types/-/prop-types-15.5.5.tgz#17038dd322c2325f5da650a94d5f9974943625e3"
  dependencies:
    "@types/react" "*"

"@types/react-aria-modal@^2.12.1":
  version "2.12.1"
  resolved "https://registry.yarnpkg.com/@types/react-aria-modal/-/react-aria-modal-2.12.1.tgz#526ebace5e8b84abb587070b2ecbffb3a7706a65"
  dependencies:
    "@types/react" "*"

"@types/react@*":
  version "16.4.14"
  resolved "https://registry.yarnpkg.com/@types/react/-/react-16.4.14.tgz#47c604c8e46ed674bbdf4aabf82b34b9041c6a04"
  dependencies:
    "@types/prop-types" "*"
    csstype "^2.2.0"

"@types/react@16.4.9":
  version "16.4.9"
  resolved "https://registry.yarnpkg.com/@types/react/-/react-16.4.9.tgz#98b4dba5a0419dbd594f5dbbb2479e1e153431bb"
  dependencies:
    "@types/prop-types" "*"
    csstype "^2.2.0"

csstype@^2.2.0:
  version "2.5.7"
  resolved "https://registry.yarnpkg.com/csstype/-/csstype-2.5.7.tgz#bf9235d5872141eccfb2d16d82993c6b149179ff"

dom7@^2.0.7:
  version "2.0.7"
  resolved "https://registry.yarnpkg.com/dom7/-/dom7-2.0.7.tgz#43940bff361cc0e5f38c349b055fd60c10309b89"
  dependencies:
    ssr-window "^1.0.0"

focus-trap-react@^4.0.0:
  version "4.0.0"
  resolved "https://registry.yarnpkg.com/focus-trap-react/-/focus-trap-react-4.0.0.tgz#bdc3ed9638bbc80623d9363e8063aa2a8e8a79c6"
  dependencies:
    focus-trap "^3.0.0"

focus-trap@^3.0.0:
  version "3.0.0"
  resolved "https://registry.yarnpkg.com/focus-trap/-/focus-trap-3.0.0.tgz#4d2ee044ae66bf7eb6ebc6c93bd7a1039481d7dc"
  dependencies:
    tabbable "^3.1.0"
    xtend "^4.0.1"

no-scroll@^2.1.1:
  version "2.1.1"
  resolved "https://registry.yarnpkg.com/no-scroll/-/no-scroll-2.1.1.tgz#f37e08cb159b75a5bdbfc0a87cd9223e120e6e27"

normalize.css@^8.0.0:
  version "8.0.0"
  resolved "https://registry.yarnpkg.com/normalize.css/-/normalize.css-8.0.0.tgz#14ac5e461612538a4ce9be90a7da23f86e718493"

react-aria-modal@^3.0.0:
  version "3.0.0"
  resolved "https://registry.yarnpkg.com/react-aria-modal/-/react-aria-modal-3.0.0.tgz#3ce81f6196ba2b187b5c0921bdc6865aae22822f"
  dependencies:
    focus-trap-react "^4.0.0"
    no-scroll "^2.1.1"
    react-displace "^2.3.0"

react-displace@^2.3.0:
  version "2.3.0"
  resolved "https://registry.yarnpkg.com/react-displace/-/react-displace-2.3.0.tgz#6915f8f2f279a29a7b58442405c26edc3d441429"

shave@^2.4.0:
  version "2.4.0"
  resolved "https://registry.yarnpkg.com/shave/-/shave-2.4.0.tgz#129481ce411f35515353ff79b3e1ec3093b9e980"

ssr-window@^1.0.0, ssr-window@^1.0.1:
  version "1.0.1"
  resolved "https://registry.yarnpkg.com/ssr-window/-/ssr-window-1.0.1.tgz#30752a6a4666e7767f0b7e6aa6fc2fdbd0d9b369"

swiper@^4.3.5:
  version "4.3.5"
  resolved "https://registry.yarnpkg.com/swiper/-/swiper-4.3.5.tgz#40369d4870e66cd10eb9862329af63b8a582aca1"
  dependencies:
    dom7 "^2.0.7"
    ssr-window "^1.0.1"

tabbable@^3.1.0:
  version "3.1.1"
  resolved "https://registry.yarnpkg.com/tabbable/-/tabbable-3.1.1.tgz#db7512f28a9a1ed16e4275bd190131be9d5ad8e9"

xtend@^4.0.1:
  version "4.0.1"
  resolved "https://registry.yarnpkg.com/xtend/-/xtend-4.0.1.tgz#a5c6d532be656e23db820efb943a1f04998d63af"
